// !$*UTF8*$!
{
	archiveVersion = 1;
	classes = {
	};
	objectVersion = 51;
	objects = {

/* Begin PBXBuildFile section */
		8404AE0C26601CD40016C2A6 /* WebImageView.swift in Sources */ = {isa = PBXBuildFile; fileRef = 8404AE0B26601CD40016C2A6 /* WebImageView.swift */; };
		841F1F212664EA1E0003FA4E /* RowLayout.swift in Sources */ = {isa = PBXBuildFile; fileRef = 841F1F202664EA1E0003FA4E /* RowLayout.swift */; };
		84736A28265F902D007D9E70 /* NewsFeedPresenter.swift in Sources */ = {isa = PBXBuildFile; fileRef = 84736A21265F902D007D9E70 /* NewsFeedPresenter.swift */; };
		84736A29265F902D007D9E70 /* NewsFeedWorker.swift in Sources */ = {isa = PBXBuildFile; fileRef = 84736A22265F902D007D9E70 /* NewsFeedWorker.swift */; };
		84736A2A265F902D007D9E70 /* NewsFeedRouter.swift in Sources */ = {isa = PBXBuildFile; fileRef = 84736A23265F902D007D9E70 /* NewsFeedRouter.swift */; };
		84736A2B265F902D007D9E70 /* NewsFeedModels.swift in Sources */ = {isa = PBXBuildFile; fileRef = 84736A24265F902D007D9E70 /* NewsFeedModels.swift */; };
		84736A2C265F902D007D9E70 /* NewsFeedViewController.swift in Sources */ = {isa = PBXBuildFile; fileRef = 84736A25265F902D007D9E70 /* NewsFeedViewController.swift */; };
		84736A2D265F902D007D9E70 /* NewsFeedInteractor.swift in Sources */ = {isa = PBXBuildFile; fileRef = 84736A26265F902D007D9E70 /* NewsFeedInteractor.swift */; };
		84736A30265F9783007D9E70 /* NewsFeedViewController.storyboard in Resources */ = {isa = PBXBuildFile; fileRef = 84736A2F265F9783007D9E70 /* NewsFeedViewController.storyboard */; };
		84736A33265FA88E007D9E70 /* NewsFeedCell.swift in Sources */ = {isa = PBXBuildFile; fileRef = 84736A32265FA88E007D9E70 /* NewsFeedCell.swift */; };
		84736A35265FA8E0007D9E70 /* NewsFeedCell.xib in Resources */ = {isa = PBXBuildFile; fileRef = 84736A34265FA8E0007D9E70 /* NewsFeedCell.xib */; };
		84847BF7265D83C000F240AA /* AppDelegate.swift in Sources */ = {isa = PBXBuildFile; fileRef = 84847BF6265D83C000F240AA /* AppDelegate.swift */; };
		84847BF9265D83C000F240AA /* SceneDelegate.swift in Sources */ = {isa = PBXBuildFile; fileRef = 84847BF8265D83C000F240AA /* SceneDelegate.swift */; };
		84847BFB265D83C000F240AA /* AuthViewController.swift in Sources */ = {isa = PBXBuildFile; fileRef = 84847BFA265D83C000F240AA /* AuthViewController.swift */; };
		84847C00265D83C100F240AA /* Assets.xcassets in Resources */ = {isa = PBXBuildFile; fileRef = 84847BFF265D83C100F240AA /* Assets.xcassets */; };
		84847C03265D83C100F240AA /* LaunchScreen.storyboard in Resources */ = {isa = PBXBuildFile; fileRef = 84847C01265D83C100F240AA /* LaunchScreen.storyboard */; };
		84847C0B265D83E100F240AA /* .gitignore in Resources */ = {isa = PBXBuildFile; fileRef = 84847C0A265D83E100F240AA /* .gitignore */; };
		84847C0D265D947C00F240AA /* AuthService.swift in Sources */ = {isa = PBXBuildFile; fileRef = 84847C0C265D947C00F240AA /* AuthService.swift */; };
		84847C10265D96DF00F240AA /* AuthViewController.storyboard in Resources */ = {isa = PBXBuildFile; fileRef = 84847C0F265D96DF00F240AA /* AuthViewController.storyboard */; };
		848A76D8265E47C6003A8023 /* NetworkService.swift in Sources */ = {isa = PBXBuildFile; fileRef = 848A76D7265E47C6003A8023 /* NetworkService.swift */; };
		848A76DA265E48B2003A8023 /* API.swift in Sources */ = {isa = PBXBuildFile; fileRef = 848A76D9265E48B2003A8023 /* API.swift */; };
		848A76DD265E772A003A8023 /* FeedResponse.swift in Sources */ = {isa = PBXBuildFile; fileRef = 848A76DC265E772A003A8023 /* FeedResponse.swift */; };
		848A76DF265E7B48003A8023 /* NetworkDataFetcher.swift in Sources */ = {isa = PBXBuildFile; fileRef = 848A76DE265E7B48003A8023 /* NetworkDataFetcher.swift */; };
		84F64DD22660CA17002A3104 /* NewsFeedCellLayoutCalculator.swift in Sources */ = {isa = PBXBuildFile; fileRef = 84F64DD12660CA17002A3104 /* NewsFeedCellLayoutCalculator.swift */; };
		84F64DD42660EA06002A3104 /* String + Height.swift in Sources */ = {isa = PBXBuildFile; fileRef = 84F64DD32660EA06002A3104 /* String + Height.swift */; };
		84F64DD6266239A4002A3104 /* NewsFeedCodeCell.swift in Sources */ = {isa = PBXBuildFile; fileRef = 84F64DD5266239A4002A3104 /* NewsFeedCodeCell.swift */; };
		84F64DD8266242E6002A3104 /* Constraints.swift in Sources */ = {isa = PBXBuildFile; fileRef = 84F64DD7266242E6002A3104 /* Constraints.swift */; };
		84F64DDA26626301002A3104 /* Constants.swift in Sources */ = {isa = PBXBuildFile; fileRef = 84F64DD926626301002A3104 /* Constants.swift */; };
		84F64DDF2664221C002A3104 /* GalleryCollectionView.swift in Sources */ = {isa = PBXBuildFile; fileRef = 84F64DDE2664221C002A3104 /* GalleryCollectionView.swift */; };
		84F64DE126642375002A3104 /* GalleryCollectionViewCell.swift in Sources */ = {isa = PBXBuildFile; fileRef = 84F64DE026642375002A3104 /* GalleryCollectionViewCell.swift */; };
		9D4E525423D9159F55295F67 /* Pods_VKNewsFeed.framework in Frameworks */ = {isa = PBXBuildFile; fileRef = A6CBF9DFD6CBED623AA2F891 /* Pods_VKNewsFeed.framework */; };
/* End PBXBuildFile section */

/* Begin PBXFileReference section */
		5A565161F57F8669C3270496 /* Pods-VKNewsFeed.debug.xcconfig */ = {isa = PBXFileReference; includeInIndex = 1; lastKnownFileType = text.xcconfig; name = "Pods-VKNewsFeed.debug.xcconfig"; path = "Target Support Files/Pods-VKNewsFeed/Pods-VKNewsFeed.debug.xcconfig"; sourceTree = "<group>"; };
		8404AE0B26601CD40016C2A6 /* WebImageView.swift */ = {isa = PBXFileReference; lastKnownFileType = sourcecode.swift; path = WebImageView.swift; sourceTree = "<group>"; };
		841F1F202664EA1E0003FA4E /* RowLayout.swift */ = {isa = PBXFileReference; lastKnownFileType = sourcecode.swift; path = RowLayout.swift; sourceTree = "<group>"; };
		84736A21265F902D007D9E70 /* NewsFeedPresenter.swift */ = {isa = PBXFileReference; lastKnownFileType = sourcecode.swift; path = NewsFeedPresenter.swift; sourceTree = "<group>"; };
		84736A22265F902D007D9E70 /* NewsFeedWorker.swift */ = {isa = PBXFileReference; lastKnownFileType = sourcecode.swift; path = NewsFeedWorker.swift; sourceTree = "<group>"; };
		84736A23265F902D007D9E70 /* NewsFeedRouter.swift */ = {isa = PBXFileReference; lastKnownFileType = sourcecode.swift; path = NewsFeedRouter.swift; sourceTree = "<group>"; };
		84736A24265F902D007D9E70 /* NewsFeedModels.swift */ = {isa = PBXFileReference; lastKnownFileType = sourcecode.swift; path = NewsFeedModels.swift; sourceTree = "<group>"; };
		84736A25265F902D007D9E70 /* NewsFeedViewController.swift */ = {isa = PBXFileReference; lastKnownFileType = sourcecode.swift; path = NewsFeedViewController.swift; sourceTree = "<group>"; };
		84736A26265F902D007D9E70 /* NewsFeedInteractor.swift */ = {isa = PBXFileReference; lastKnownFileType = sourcecode.swift; path = NewsFeedInteractor.swift; sourceTree = "<group>"; };
		84736A2F265F9783007D9E70 /* NewsFeedViewController.storyboard */ = {isa = PBXFileReference; lastKnownFileType = file.storyboard; path = NewsFeedViewController.storyboard; sourceTree = "<group>"; };
		84736A32265FA88E007D9E70 /* NewsFeedCell.swift */ = {isa = PBXFileReference; lastKnownFileType = sourcecode.swift; path = NewsFeedCell.swift; sourceTree = "<group>"; };
		84736A34265FA8E0007D9E70 /* NewsFeedCell.xib */ = {isa = PBXFileReference; lastKnownFileType = file.xib; path = NewsFeedCell.xib; sourceTree = "<group>"; };
		84847BF3265D83C000F240AA /* VKNewsFeed.app */ = {isa = PBXFileReference; explicitFileType = wrapper.application; includeInIndex = 0; path = VKNewsFeed.app; sourceTree = BUILT_PRODUCTS_DIR; };
		84847BF6265D83C000F240AA /* AppDelegate.swift */ = {isa = PBXFileReference; lastKnownFileType = sourcecode.swift; path = AppDelegate.swift; sourceTree = "<group>"; };
		84847BF8265D83C000F240AA /* SceneDelegate.swift */ = {isa = PBXFileReference; lastKnownFileType = sourcecode.swift; path = SceneDelegate.swift; sourceTree = "<group>"; };
		84847BFA265D83C000F240AA /* AuthViewController.swift */ = {isa = PBXFileReference; lastKnownFileType = sourcecode.swift; path = AuthViewController.swift; sourceTree = "<group>"; };
		84847BFF265D83C100F240AA /* Assets.xcassets */ = {isa = PBXFileReference; lastKnownFileType = folder.assetcatalog; path = Assets.xcassets; sourceTree = "<group>"; };
		84847C02265D83C100F240AA /* Base */ = {isa = PBXFileReference; lastKnownFileType = file.storyboard; name = Base; path = Base.lproj/LaunchScreen.storyboard; sourceTree = "<group>"; };
		84847C04265D83C100F240AA /* Info.plist */ = {isa = PBXFileReference; lastKnownFileType = text.plist.xml; path = Info.plist; sourceTree = "<group>"; };
		84847C0A265D83E100F240AA /* .gitignore */ = {isa = PBXFileReference; lastKnownFileType = text; path = .gitignore; sourceTree = "<group>"; };
		84847C0C265D947C00F240AA /* AuthService.swift */ = {isa = PBXFileReference; lastKnownFileType = sourcecode.swift; path = AuthService.swift; sourceTree = "<group>"; };
		84847C0F265D96DF00F240AA /* AuthViewController.storyboard */ = {isa = PBXFileReference; lastKnownFileType = file.storyboard; path = AuthViewController.storyboard; sourceTree = "<group>"; };
		848A76D7265E47C6003A8023 /* NetworkService.swift */ = {isa = PBXFileReference; lastKnownFileType = sourcecode.swift; path = NetworkService.swift; sourceTree = "<group>"; };
		848A76D9265E48B2003A8023 /* API.swift */ = {isa = PBXFileReference; lastKnownFileType = sourcecode.swift; path = API.swift; sourceTree = "<group>"; };
		848A76DC265E772A003A8023 /* FeedResponse.swift */ = {isa = PBXFileReference; lastKnownFileType = sourcecode.swift; path = FeedResponse.swift; sourceTree = "<group>"; };
		848A76DE265E7B48003A8023 /* NetworkDataFetcher.swift */ = {isa = PBXFileReference; lastKnownFileType = sourcecode.swift; path = NetworkDataFetcher.swift; sourceTree = "<group>"; };
		84F64DD12660CA17002A3104 /* NewsFeedCellLayoutCalculator.swift */ = {isa = PBXFileReference; lastKnownFileType = sourcecode.swift; path = NewsFeedCellLayoutCalculator.swift; sourceTree = "<group>"; };
		84F64DD32660EA06002A3104 /* String + Height.swift */ = {isa = PBXFileReference; lastKnownFileType = sourcecode.swift; path = "String + Height.swift"; sourceTree = "<group>"; };
		84F64DD5266239A4002A3104 /* NewsFeedCodeCell.swift */ = {isa = PBXFileReference; lastKnownFileType = sourcecode.swift; path = NewsFeedCodeCell.swift; sourceTree = "<group>"; };
		84F64DD7266242E6002A3104 /* Constraints.swift */ = {isa = PBXFileReference; lastKnownFileType = sourcecode.swift; path = Constraints.swift; sourceTree = "<group>"; };
		84F64DD926626301002A3104 /* Constants.swift */ = {isa = PBXFileReference; lastKnownFileType = sourcecode.swift; path = Constants.swift; sourceTree = "<group>"; };
		84F64DDE2664221C002A3104 /* GalleryCollectionView.swift */ = {isa = PBXFileReference; lastKnownFileType = sourcecode.swift; path = GalleryCollectionView.swift; sourceTree = "<group>"; };
		84F64DE026642375002A3104 /* GalleryCollectionViewCell.swift */ = {isa = PBXFileReference; lastKnownFileType = sourcecode.swift; path = GalleryCollectionViewCell.swift; sourceTree = "<group>"; };
		A6CBF9DFD6CBED623AA2F891 /* Pods_VKNewsFeed.framework */ = {isa = PBXFileReference; explicitFileType = wrapper.framework; includeInIndex = 0; path = Pods_VKNewsFeed.framework; sourceTree = BUILT_PRODUCTS_DIR; };
		F0DF18CC9C99B4E3C83B87A5 /* Pods-VKNewsFeed.release.xcconfig */ = {isa = PBXFileReference; includeInIndex = 1; lastKnownFileType = text.xcconfig; name = "Pods-VKNewsFeed.release.xcconfig"; path = "Target Support Files/Pods-VKNewsFeed/Pods-VKNewsFeed.release.xcconfig"; sourceTree = "<group>"; };
/* End PBXFileReference section */

/* Begin PBXFrameworksBuildPhase section */
		84847BF0265D83C000F240AA /* Frameworks */ = {
			isa = PBXFrameworksBuildPhase;
			buildActionMask = 2147483647;
			files = (
				9D4E525423D9159F55295F67 /* Pods_VKNewsFeed.framework in Frameworks */,
			);
			runOnlyForDeploymentPostprocessing = 0;
		};
/* End PBXFrameworksBuildPhase section */

/* Begin PBXGroup section */
		5F46966C1DC284E0DD1CF36E /* Frameworks */ = {
			isa = PBXGroup;
			children = (
				A6CBF9DFD6CBED623AA2F891 /* Pods_VKNewsFeed.framework */,
			);
			name = Frameworks;
			sourceTree = "<group>";
		};
		72C103A03032257CB9BBF9B0 /* Pods */ = {
			isa = PBXGroup;
			children = (
				5A565161F57F8669C3270496 /* Pods-VKNewsFeed.debug.xcconfig */,
				F0DF18CC9C99B4E3C83B87A5 /* Pods-VKNewsFeed.release.xcconfig */,
			);
			path = Pods;
			sourceTree = "<group>";
		};
		8404AE0A26601CB00016C2A6 /* Helpers */ = {
			isa = PBXGroup;
			children = (
				84F64DD7266242E6002A3104 /* Constraints.swift */,
				8404AE0B26601CD40016C2A6 /* WebImageView.swift */,
				84F64DD32660EA06002A3104 /* String + Height.swift */,
			);
			path = Helpers;
			sourceTree = "<group>";
		};
		84736A20265F8FE9007D9E70 /* NewsFeed */ = {
			isa = PBXGroup;
			children = (
				84F64DDD266421FA002A3104 /* GalleryView */,
				84736A31265FA87C007D9E70 /* Cell */,
				84736A2F265F9783007D9E70 /* NewsFeedViewController.storyboard */,
				84736A25265F902D007D9E70 /* NewsFeedViewController.swift */,
				84736A26265F902D007D9E70 /* NewsFeedInteractor.swift */,
				84736A21265F902D007D9E70 /* NewsFeedPresenter.swift */,
				84736A24265F902D007D9E70 /* NewsFeedModels.swift */,
				84736A22265F902D007D9E70 /* NewsFeedWorker.swift */,
				84736A23265F902D007D9E70 /* NewsFeedRouter.swift */,
			);
			path = NewsFeed;
			sourceTree = "<group>";
		};
		84736A31265FA87C007D9E70 /* Cell */ = {
			isa = PBXGroup;
			children = (
				84736A34265FA8E0007D9E70 /* NewsFeedCell.xib */,
				84736A32265FA88E007D9E70 /* NewsFeedCell.swift */,
				84F64DD5266239A4002A3104 /* NewsFeedCodeCell.swift */,
				84F64DD12660CA17002A3104 /* NewsFeedCellLayoutCalculator.swift */,
				84F64DD926626301002A3104 /* Constants.swift */,
			);
			path = Cell;
			sourceTree = "<group>";
		};
		84847BEA265D83C000F240AA = {
			isa = PBXGroup;
			children = (
				84847BF5265D83C000F240AA /* VKNewsFeed */,
				84847BF4265D83C000F240AA /* Products */,
				72C103A03032257CB9BBF9B0 /* Pods */,
				5F46966C1DC284E0DD1CF36E /* Frameworks */,
			);
			sourceTree = "<group>";
		};
		84847BF4265D83C000F240AA /* Products */ = {
			isa = PBXGroup;
			children = (
				84847BF3265D83C000F240AA /* VKNewsFeed.app */,
			);
			name = Products;
			sourceTree = "<group>";
		};
		84847BF5265D83C000F240AA /* VKNewsFeed */ = {
			isa = PBXGroup;
			children = (
				84847BF6265D83C000F240AA /* AppDelegate.swift */,
				84847BF8265D83C000F240AA /* SceneDelegate.swift */,
				84847C0E265D948900F240AA /* Services */,
				84C6A3D2265DA9630025F860 /* Authentication */,
				84736A20265F8FE9007D9E70 /* NewsFeed */,
				8404AE0A26601CB00016C2A6 /* Helpers */,
				84847BFF265D83C100F240AA /* Assets.xcassets */,
				84847C01265D83C100F240AA /* LaunchScreen.storyboard */,
				84847C0A265D83E100F240AA /* .gitignore */,
				84847C04265D83C100F240AA /* Info.plist */,
			);
			path = VKNewsFeed;
			sourceTree = "<group>";
		};
		84847C0E265D948900F240AA /* Services */ = {
			isa = PBXGroup;
			children = (
				848A76DB265E7714003A8023 /* Models */,
				84847C0C265D947C00F240AA /* AuthService.swift */,
				848A76D7265E47C6003A8023 /* NetworkService.swift */,
				848A76DE265E7B48003A8023 /* NetworkDataFetcher.swift */,
				848A76D9265E48B2003A8023 /* API.swift */,
			);
			path = Services;
			sourceTree = "<group>";
		};
		848A76DB265E7714003A8023 /* Models */ = {
			isa = PBXGroup;
			children = (
				848A76DC265E772A003A8023 /* FeedResponse.swift */,
			);
			path = Models;
			sourceTree = "<group>";
		};
		84C6A3D2265DA9630025F860 /* Authentication */ = {
			isa = PBXGroup;
			children = (
				84847BFA265D83C000F240AA /* AuthViewController.swift */,
				84847C0F265D96DF00F240AA /* AuthViewController.storyboard */,
			);
			path = Authentication;
			sourceTree = "<group>";
		};
		84F64DDD266421FA002A3104 /* GalleryView */ = {
			isa = PBXGroup;
			children = (
				841F1F202664EA1E0003FA4E /* RowLayout.swift */,
				84F64DDE2664221C002A3104 /* GalleryCollectionView.swift */,
				84F64DE026642375002A3104 /* GalleryCollectionViewCell.swift */,
			);
			path = GalleryView;
			sourceTree = "<group>";
		};
/* End PBXGroup section */

/* Begin PBXNativeTarget section */
		84847BF2265D83C000F240AA /* VKNewsFeed */ = {
			isa = PBXNativeTarget;
			buildConfigurationList = 84847C07265D83C100F240AA /* Build configuration list for PBXNativeTarget "VKNewsFeed" */;
			buildPhases = (
				582EAFBD461C03B991989049 /* [CP] Check Pods Manifest.lock */,
				84847BEF265D83C000F240AA /* Sources */,
				84847BF0265D83C000F240AA /* Frameworks */,
				84847BF1265D83C000F240AA /* Resources */,
				2F87A9EDA43D55C7879666DD /* [CP] Embed Pods Frameworks */,
			);
			buildRules = (
			);
			dependencies = (
			);
			name = VKNewsFeed;
			productName = VKNewsFeed;
			productReference = 84847BF3265D83C000F240AA /* VKNewsFeed.app */;
			productType = "com.apple.product-type.application";
		};
/* End PBXNativeTarget section */

/* Begin PBXProject section */
		84847BEB265D83C000F240AA /* Project object */ = {
			isa = PBXProject;
			attributes = {
				LastSwiftUpdateCheck = 1250;
				LastUpgradeCheck = 1250;
				TargetAttributes = {
					84847BF2265D83C000F240AA = {
						CreatedOnToolsVersion = 12.5;
					};
				};
			};
			buildConfigurationList = 84847BEE265D83C000F240AA /* Build configuration list for PBXProject "VKNewsFeed" */;
			compatibilityVersion = "Xcode 9.3";
			developmentRegion = en;
			hasScannedForEncodings = 0;
			knownRegions = (
				en,
				Base,
			);
			mainGroup = 84847BEA265D83C000F240AA;
			productRefGroup = 84847BF4265D83C000F240AA /* Products */;
			projectDirPath = "";
			projectRoot = "";
			targets = (
				84847BF2265D83C000F240AA /* VKNewsFeed */,
			);
		};
/* End PBXProject section */

/* Begin PBXResourcesBuildPhase section */
		84847BF1265D83C000F240AA /* Resources */ = {
			isa = PBXResourcesBuildPhase;
			buildActionMask = 2147483647;
			files = (
				84847C0B265D83E100F240AA /* .gitignore in Resources */,
				84847C10265D96DF00F240AA /* AuthViewController.storyboard in Resources */,
				84736A35265FA8E0007D9E70 /* NewsFeedCell.xib in Resources */,
				84736A30265F9783007D9E70 /* NewsFeedViewController.storyboard in Resources */,
				84847C03265D83C100F240AA /* LaunchScreen.storyboard in Resources */,
				84847C00265D83C100F240AA /* Assets.xcassets in Resources */,
			);
			runOnlyForDeploymentPostprocessing = 0;
		};
/* End PBXResourcesBuildPhase section */

/* Begin PBXShellScriptBuildPhase section */
		2F87A9EDA43D55C7879666DD /* [CP] Embed Pods Frameworks */ = {
			isa = PBXShellScriptBuildPhase;
			buildActionMask = 2147483647;
			files = (
			);
			inputFileListPaths = (
				"${PODS_ROOT}/Target Support Files/Pods-VKNewsFeed/Pods-VKNewsFeed-frameworks-${CONFIGURATION}-input-files.xcfilelist",
			);
			name = "[CP] Embed Pods Frameworks";
			outputFileListPaths = (
				"${PODS_ROOT}/Target Support Files/Pods-VKNewsFeed/Pods-VKNewsFeed-frameworks-${CONFIGURATION}-output-files.xcfilelist",
			);
			runOnlyForDeploymentPostprocessing = 0;
			shellPath = /bin/sh;
			shellScript = "\"${PODS_ROOT}/Target Support Files/Pods-VKNewsFeed/Pods-VKNewsFeed-frameworks.sh\"\n";
			showEnvVarsInLog = 0;
		};
		582EAFBD461C03B991989049 /* [CP] Check Pods Manifest.lock */ = {
			isa = PBXShellScriptBuildPhase;
			buildActionMask = 2147483647;
			files = (
			);
			inputFileListPaths = (
			);
			inputPaths = (
				"${PODS_PODFILE_DIR_PATH}/Podfile.lock",
				"${PODS_ROOT}/Manifest.lock",
			);
			name = "[CP] Check Pods Manifest.lock";
			outputFileListPaths = (
			);
			outputPaths = (
				"$(DERIVED_FILE_DIR)/Pods-VKNewsFeed-checkManifestLockResult.txt",
			);
			runOnlyForDeploymentPostprocessing = 0;
			shellPath = /bin/sh;
			shellScript = "diff \"${PODS_PODFILE_DIR_PATH}/Podfile.lock\" \"${PODS_ROOT}/Manifest.lock\" > /dev/null\nif [ $? != 0 ] ; then\n    # print error to STDERR\n    echo \"error: The sandbox is not in sync with the Podfile.lock. Run 'pod install' or update your CocoaPods installation.\" >&2\n    exit 1\nfi\n# This output is used by Xcode 'outputs' to avoid re-running this script phase.\necho \"SUCCESS\" > \"${SCRIPT_OUTPUT_FILE_0}\"\n";
			showEnvVarsInLog = 0;
		};
/* End PBXShellScriptBuildPhase section */

/* Begin PBXSourcesBuildPhase section */
		84847BEF265D83C000F240AA /* Sources */ = {
			isa = PBXSourcesBuildPhase;
			buildActionMask = 2147483647;
			files = (
				841F1F212664EA1E0003FA4E /* RowLayout.swift in Sources */,
				848A76DD265E772A003A8023 /* FeedResponse.swift in Sources */,
				84F64DD42660EA06002A3104 /* String + Height.swift in Sources */,
				84F64DD6266239A4002A3104 /* NewsFeedCodeCell.swift in Sources */,
				84736A28265F902D007D9E70 /* NewsFeedPresenter.swift in Sources */,
				84F64DE126642375002A3104 /* GalleryCollectionViewCell.swift in Sources */,
				84847BFB265D83C000F240AA /* AuthViewController.swift in Sources */,
				84847BF7265D83C000F240AA /* AppDelegate.swift in Sources */,
				84736A2D265F902D007D9E70 /* NewsFeedInteractor.swift in Sources */,
				84847BF9265D83C000F240AA /* SceneDelegate.swift in Sources */,
				848A76D8265E47C6003A8023 /* NetworkService.swift in Sources */,
				848A76DF265E7B48003A8023 /* NetworkDataFetcher.swift in Sources */,
				84736A29265F902D007D9E70 /* NewsFeedWorker.swift in Sources */,
				84F64DDA26626301002A3104 /* Constants.swift in Sources */,
				8404AE0C26601CD40016C2A6 /* WebImageView.swift in Sources */,
				84F64DD8266242E6002A3104 /* Constraints.swift in Sources */,
				84736A2A265F902D007D9E70 /* NewsFeedRouter.swift in Sources */,
				84847C0D265D947C00F240AA /* AuthService.swift in Sources */,
				848A76DA265E48B2003A8023 /* API.swift in Sources */,
				84736A2B265F902D007D9E70 /* NewsFeedModels.swift in Sources */,
				84736A33265FA88E007D9E70 /* NewsFeedCell.swift in Sources */,
				84F64DDF2664221C002A3104 /* GalleryCollectionView.swift in Sources */,
				84736A2C265F902D007D9E70 /* NewsFeedViewController.swift in Sources */,
				84F64DD22660CA17002A3104 /* NewsFeedCellLayoutCalculator.swift in Sources */,
			);
			runOnlyForDeploymentPostprocessing = 0;
		};
/* End PBXSourcesBuildPhase section */

/* Begin PBXVariantGroup section */
		84847C01265D83C100F240AA /* LaunchScreen.storyboard */ = {
			isa = PBXVariantGroup;
			children = (
				84847C02265D83C100F240AA /* Base */,
			);
			name = LaunchScreen.storyboard;
			sourceTree = "<group>";
		};
/* End PBXVariantGroup section */

/* Begin XCBuildConfiguration section */
		84847C05265D83C100F240AA /* Debug */ = {
			isa = XCBuildConfiguration;
			buildSettings = {
				ALWAYS_SEARCH_USER_PATHS = NO;
				CLANG_ANALYZER_NONNULL = YES;
				CLANG_ANALYZER_NUMBER_OBJECT_CONVERSION = YES_AGGRESSIVE;
				CLANG_CXX_LANGUAGE_STANDARD = "gnu++14";
				CLANG_CXX_LIBRARY = "libc++";
				CLANG_ENABLE_MODULES = YES;
				CLANG_ENABLE_OBJC_ARC = YES;
				CLANG_ENABLE_OBJC_WEAK = YES;
				CLANG_WARN_BLOCK_CAPTURE_AUTORELEASING = YES;
				CLANG_WARN_BOOL_CONVERSION = YES;
				CLANG_WARN_COMMA = YES;
				CLANG_WARN_CONSTANT_CONVERSION = YES;
				CLANG_WARN_DEPRECATED_OBJC_IMPLEMENTATIONS = YES;
				CLANG_WARN_DIRECT_OBJC_ISA_USAGE = YES_ERROR;
				CLANG_WARN_DOCUMENTATION_COMMENTS = YES;
				CLANG_WARN_EMPTY_BODY = YES;
				CLANG_WARN_ENUM_CONVERSION = YES;
				CLANG_WARN_INFINITE_RECURSION = YES;
				CLANG_WARN_INT_CONVERSION = YES;
				CLANG_WARN_NON_LITERAL_NULL_CONVERSION = YES;
				CLANG_WARN_OBJC_IMPLICIT_RETAIN_SELF = YES;
				CLANG_WARN_OBJC_LITERAL_CONVERSION = YES;
				CLANG_WARN_OBJC_ROOT_CLASS = YES_ERROR;
				CLANG_WARN_QUOTED_INCLUDE_IN_FRAMEWORK_HEADER = YES;
				CLANG_WARN_RANGE_LOOP_ANALYSIS = YES;
				CLANG_WARN_STRICT_PROTOTYPES = YES;
				CLANG_WARN_SUSPICIOUS_MOVE = YES;
				CLANG_WARN_UNGUARDED_AVAILABILITY = YES_AGGRESSIVE;
				CLANG_WARN_UNREACHABLE_CODE = YES;
				CLANG_WARN__DUPLICATE_METHOD_MATCH = YES;
				COPY_PHASE_STRIP = NO;
				DEBUG_INFORMATION_FORMAT = dwarf;
				ENABLE_STRICT_OBJC_MSGSEND = YES;
				ENABLE_TESTABILITY = YES;
				GCC_C_LANGUAGE_STANDARD = gnu11;
				GCC_DYNAMIC_NO_PIC = NO;
				GCC_NO_COMMON_BLOCKS = YES;
				GCC_OPTIMIZATION_LEVEL = 0;
				GCC_PREPROCESSOR_DEFINITIONS = (
					"DEBUG=1",
					"$(inherited)",
				);
				GCC_WARN_64_TO_32_BIT_CONVERSION = YES;
				GCC_WARN_ABOUT_RETURN_TYPE = YES_ERROR;
				GCC_WARN_UNDECLARED_SELECTOR = YES;
				GCC_WARN_UNINITIALIZED_AUTOS = YES_AGGRESSIVE;
				GCC_WARN_UNUSED_FUNCTION = YES;
				GCC_WARN_UNUSED_VARIABLE = YES;
				IPHONEOS_DEPLOYMENT_TARGET = 14.5;
				MTL_ENABLE_DEBUG_INFO = INCLUDE_SOURCE;
				MTL_FAST_MATH = YES;
				ONLY_ACTIVE_ARCH = YES;
				SDKROOT = iphoneos;
				SWIFT_ACTIVE_COMPILATION_CONDITIONS = DEBUG;
				SWIFT_OPTIMIZATION_LEVEL = "-Onone";
			};
			name = Debug;
		};
		84847C06265D83C100F240AA /* Release */ = {
			isa = XCBuildConfiguration;
			buildSettings = {
				ALWAYS_SEARCH_USER_PATHS = NO;
				CLANG_ANALYZER_NONNULL = YES;
				CLANG_ANALYZER_NUMBER_OBJECT_CONVERSION = YES_AGGRESSIVE;
				CLANG_CXX_LANGUAGE_STANDARD = "gnu++14";
				CLANG_CXX_LIBRARY = "libc++";
				CLANG_ENABLE_MODULES = YES;
				CLANG_ENABLE_OBJC_ARC = YES;
				CLANG_ENABLE_OBJC_WEAK = YES;
				CLANG_WARN_BLOCK_CAPTURE_AUTORELEASING = YES;
				CLANG_WARN_BOOL_CONVERSION = YES;
				CLANG_WARN_COMMA = YES;
				CLANG_WARN_CONSTANT_CONVERSION = YES;
				CLANG_WARN_DEPRECATED_OBJC_IMPLEMENTATIONS = YES;
				CLANG_WARN_DIRECT_OBJC_ISA_USAGE = YES_ERROR;
				CLANG_WARN_DOCUMENTATION_COMMENTS = YES;
				CLANG_WARN_EMPTY_BODY = YES;
				CLANG_WARN_ENUM_CONVERSION = YES;
				CLANG_WARN_INFINITE_RECURSION = YES;
				CLANG_WARN_INT_CONVERSION = YES;
				CLANG_WARN_NON_LITERAL_NULL_CONVERSION = YES;
				CLANG_WARN_OBJC_IMPLICIT_RETAIN_SELF = YES;
				CLANG_WARN_OBJC_LITERAL_CONVERSION = YES;
				CLANG_WARN_OBJC_ROOT_CLASS = YES_ERROR;
				CLANG_WARN_QUOTED_INCLUDE_IN_FRAMEWORK_HEADER = YES;
				CLANG_WARN_RANGE_LOOP_ANALYSIS = YES;
				CLANG_WARN_STRICT_PROTOTYPES = YES;
				CLANG_WARN_SUSPICIOUS_MOVE = YES;
				CLANG_WARN_UNGUARDED_AVAILABILITY = YES_AGGRESSIVE;
				CLANG_WARN_UNREACHABLE_CODE = YES;
				CLANG_WARN__DUPLICATE_METHOD_MATCH = YES;
				COPY_PHASE_STRIP = NO;
				DEBUG_INFORMATION_FORMAT = "dwarf-with-dsym";
				ENABLE_NS_ASSERTIONS = NO;
				ENABLE_STRICT_OBJC_MSGSEND = YES;
				GCC_C_LANGUAGE_STANDARD = gnu11;
				GCC_NO_COMMON_BLOCKS = YES;
				GCC_WARN_64_TO_32_BIT_CONVERSION = YES;
				GCC_WARN_ABOUT_RETURN_TYPE = YES_ERROR;
				GCC_WARN_UNDECLARED_SELECTOR = YES;
				GCC_WARN_UNINITIALIZED_AUTOS = YES_AGGRESSIVE;
				GCC_WARN_UNUSED_FUNCTION = YES;
				GCC_WARN_UNUSED_VARIABLE = YES;
				IPHONEOS_DEPLOYMENT_TARGET = 14.5;
				MTL_ENABLE_DEBUG_INFO = NO;
				MTL_FAST_MATH = YES;
				SDKROOT = iphoneos;
				SWIFT_COMPILATION_MODE = wholemodule;
				SWIFT_OPTIMIZATION_LEVEL = "-O";
				VALIDATE_PRODUCT = YES;
			};
			name = Release;
		};
		84847C08265D83C100F240AA /* Debug */ = {
			isa = XCBuildConfiguration;
			baseConfigurationReference = 5A565161F57F8669C3270496 /* Pods-VKNewsFeed.debug.xcconfig */;
			buildSettings = {
				ASSETCATALOG_COMPILER_APPICON_NAME = AppIcon;
				ASSETCATALOG_COMPILER_GLOBAL_ACCENT_COLOR_NAME = AccentColor;
				CODE_SIGN_STYLE = Automatic;
				DEVELOPMENT_TEAM = 2A8DD4UP4B;
				INFOPLIST_FILE = VKNewsFeed/Info.plist;
				LD_RUNPATH_SEARCH_PATHS = (
					"$(inherited)",
					"@executable_path/Frameworks",
				);
				PRODUCT_BUNDLE_IDENTIFIER = com.DanShein.VKNewsFeed;
				PRODUCT_NAME = "$(TARGET_NAME)";
				SWIFT_VERSION = 5.0;
				TARGETED_DEVICE_FAMILY = "1,2";
			};
			name = Debug;
		};
		84847C09265D83C100F240AA /* Release */ = {
			isa = XCBuildConfiguration;
			baseConfigurationReference = F0DF18CC9C99B4E3C83B87A5 /* Pods-VKNewsFeed.release.xcconfig */;
			buildSettings = {
				ASSETCATALOG_COMPILER_APPICON_NAME = AppIcon;
				ASSETCATALOG_COMPILER_GLOBAL_ACCENT_COLOR_NAME = AccentColor;
				CODE_SIGN_STYLE = Automatic;
				DEVELOPMENT_TEAM = 2A8DD4UP4B;
				INFOPLIST_FILE = VKNewsFeed/Info.plist;
				LD_RUNPATH_SEARCH_PATHS = (
					"$(inherited)",
					"@executable_path/Frameworks",
				);
				PRODUCT_BUNDLE_IDENTIFIER = com.DanShein.VKNewsFeed;
				PRODUCT_NAME = "$(TARGET_NAME)";
				SWIFT_VERSION = 5.0;
				TARGETED_DEVICE_FAMILY = "1,2";
			};
			name = Release;
		};
/* End XCBuildConfiguration section */

/* Begin XCConfigurationList section */
		84847BEE265D83C000F240AA /* Build configuration list for PBXProject "VKNewsFeed" */ = {
			isa = XCConfigurationList;
			buildConfigurations = (
				84847C05265D83C100F240AA /* Debug */,
				84847C06265D83C100F240AA /* Release */,
			);
			defaultConfigurationIsVisible = 0;
			defaultConfigurationName = Release;
		};
		84847C07265D83C100F240AA /* Build configuration list for PBXNativeTarget "VKNewsFeed" */ = {
			isa = XCConfigurationList;
			buildConfigurations = (
				84847C08265D83C100F240AA /* Debug */,
				84847C09265D83C100F240AA /* Release */,
			);
			defaultConfigurationIsVisible = 0;
			defaultConfigurationName = Release;
		};
/* End XCConfigurationList section */
	};
	rootObject = 84847BEB265D83C000F240AA /* Project object */;
}
